
Microsoft Visual Studio Solution File, Format Version 12.00
# Visual Studio Version 17
VisualStudioVersion = 17.14.36203.30 d17.14
MinimumVisualStudioVersion = 10.0.40219.1
Project("{FAE04EC0-301F-11D3-BF4B-00C04F79EFBC}") = "BE_Nhahang", "BE_Nhahang\BE_Nhahang.csproj", "{C3D26CE6-291E-4B3F-9C0F-4B978F83F470}"
EndProject
Global
	GlobalSection(SolutionConfigurationPlatforms) = preSolution
		Debug|Any CPU = Debug|Any CPU
		Release|Any CPU = Release|Any CPU
	EndGlobalSection
	GlobalSection(ProjectConfigurationPlatforms) = postSolution
		{C3D26CE6-291E-4B3F-9C0F-4B978F83F470}.Debug|Any CPU.ActiveCfg = Debug|Any CPU
		{C3D26CE6-291E-4B3F-9C0F-4B978F83F470}.Debug|Any CPU.Build.0 = Debug|Any CPU
		{C3D26CE6-291E-4B3F-9C0F-4B978F83F470}.Release|Any CPU.ActiveCfg = Release|Any CPU
		{C3D26CE6-291E-4B3F-9C0F-4B978F83F470}.Release|Any CPU.Build.0 = Release|Any CPU
	EndGlobalSection
	GlobalSection(SolutionProperties) = preSolution
		HideSolutionNode = FALSE
	EndGlobalSection
	GlobalSection(ExtensibilityGlobals) = postSolution
		SolutionGuid = {C30D2232-B141-4662-AB11-4CE30087C7EE}
	EndGlobalSection
EndGlobal
